<?xml version="1.0" encoding="utf-8"?>
<Project ToolsVersion="4.0" xmlns="http://schemas.microsoft.com/developer/msbuild/2003">
  <ItemGroup>
    <Filter Include="win32">
      <UniqueIdentifier>{84a8ebd7-7cf0-47f6-b75e-d441df67da40}</UniqueIdentifier>
    </Filter>
    <Filter Include="resource">
      <UniqueIdentifier>{715254bc-d70b-4ec5-bf29-467dd3ace079}</UniqueIdentifier>
    </Filter>
    <Filter Include="Classes">
      <UniqueIdentifier>{48b9e4a2-48d9-4a09-9272-dd023dc80afe}</UniqueIdentifier>
    </Filter>
    <Filter Include="Classes\Application">
      <UniqueIdentifier>{d0ab60ce-bb49-4781-9804-bf548dd5c2b9}</UniqueIdentifier>
    </Filter>
    <Filter Include="Classes\Common">
      <UniqueIdentifier>{fae36c0b-4d5b-4dba-992c-d6403718bfd9}</UniqueIdentifier>
    </Filter>
    <Filter Include="Classes\Model">
      <UniqueIdentifier>{6bf171ed-2a4e-4be4-90dd-1c35fdb10473}</UniqueIdentifier>
    </Filter>
    <Filter Include="Classes\Scene">
      <UniqueIdentifier>{0f2d71a8-ee27-478e-a574-49f7af2ac0e3}</UniqueIdentifier>
    </Filter>
    <Filter Include="Classes\UI">
      <UniqueIdentifier>{ff05186c-2871-4f2f-b56a-329e62b24fef}</UniqueIdentifier>
    </Filter>
    <Filter Include="Classes\UI\UIView">
      <UniqueIdentifier>{dea84566-f9df-4f2d-8faa-78c34345a11c}</UniqueIdentifier>
    </Filter>
    <Filter Include="Classes\Message">
      <UniqueIdentifier>{c6e9cb96-065c-43a2-aac1-d82cedb35b92}</UniqueIdentifier>
    </Filter>
    <Filter Include="Classes\Event">
      <UniqueIdentifier>{c543d8ee-b210-4e82-9673-4b38c119ce28}</UniqueIdentifier>
    </Filter>
    <Filter Include="Classes\UI\Componet">
      <UniqueIdentifier>{4e1328b9-ed95-4de4-90a8-623366141cfc}</UniqueIdentifier>
    </Filter>
    <Filter Include="Classes\LocalServer">
      <UniqueIdentifier>{7a8f5771-e925-4713-839e-980a5ba73821}</UniqueIdentifier>
    </Filter>
    <Filter Include="Classes\Model\Data">
      <UniqueIdentifier>{766380f4-d746-426f-b3d3-d7bcdf91ade1}</UniqueIdentifier>
    </Filter>
    <Filter Include="Classes\Model\Parser">
      <UniqueIdentifier>{d09a3395-9b55-4e39-bcd8-2ab7f8bb7d0f}</UniqueIdentifier>
    </Filter>
    <Filter Include="Classes\Model\DataHelper">
      <UniqueIdentifier>{0530bcb6-1886-4b88-ba6a-3e392c14efbe}</UniqueIdentifier>
    </Filter>
    <Filter Include="Classes\UI\UIViewController">
      <UniqueIdentifier>{d71fd969-68c6-4cf8-b7d5-aebcbc273fbb}</UniqueIdentifier>
    </Filter>
    <Filter Include="Classes\Sound">
      <UniqueIdentifier>{78e0f883-65ad-40a0-8f0c-095e7fe82a92}</UniqueIdentifier>
    </Filter>
    <Filter Include="Classes\Command">
      <UniqueIdentifier>{2a1eed88-81ec-446d-a829-d696d36e8ca5}</UniqueIdentifier>
    </Filter>
    <Filter Include="Classes\Resource">
      <UniqueIdentifier>{79a48cd0-5a02-4d5c-90be-b349cd8cb3f6}</UniqueIdentifier>
    </Filter>
    <Filter Include="Classes\DataBase">
      <UniqueIdentifier>{4e51ad8c-309e-479a-8f33-adaffba0c2b6}</UniqueIdentifier>
    </Filter>
    <Filter Include="Classes\Language">
      <UniqueIdentifier>{e64b414b-9c17-4259-849d-ac2ee345e387}</UniqueIdentifier>
    </Filter>
    <Filter Include="Classes\Start">
      <UniqueIdentifier>{73a9ab6c-878e-483b-888e-1e40472605f9}</UniqueIdentifier>
    </Filter>
    <Filter Include="Classes\About">
      <UniqueIdentifier>{16fd4003-51d0-4055-8488-26618a34c5cd}</UniqueIdentifier>
    </Filter>
    <Filter Include="Classes\Setting">
      <UniqueIdentifier>{47dcebdc-bc8d-4825-9c24-5ac38be8b0b7}</UniqueIdentifier>
    </Filter>
    <Filter Include="Classes\Game">
      <UniqueIdentifier>{078fd413-c8be-4107-8592-1cbcfee7d9f6}</UniqueIdentifier>
    </Filter>
    <Filter Include="Classes\GameOver">
      <UniqueIdentifier>{50292e73-a929-4c6b-aa3b-3dec9671b356}</UniqueIdentifier>
    </Filter>
  </ItemGroup>
  <ItemGroup>
    <ClCompile Include="main.cpp">
      <Filter>win32</Filter>
    </ClCompile>
    <ClCompile Include="..\Classes\Application\AppDelegate.cpp">
      <Filter>Classes\Application</Filter>
    </ClCompile>
    <ClCompile Include="..\Classes\Common\GValue.cpp">
      <Filter>Classes\Common</Filter>
    </ClCompile>
    <ClCompile Include="..\Classes\UI\UIManager.cpp">
      <Filter>Classes\UI</Filter>
    </ClCompile>
    <ClCompile Include="..\Classes\UI\UIView\UIView.cpp">
      <Filter>Classes\UI\UIView</Filter>
    </ClCompile>
    <ClCompile Include="..\Classes\Scene\IScene.cpp">
      <Filter>Classes\Scene</Filter>
    </ClCompile>
    <ClCompile Include="..\Classes\Scene\SceneDelegate.cpp">
      <Filter>Classes\Scene</Filter>
    </ClCompile>
    <ClCompile Include="..\Classes\UI\UIFactory.cpp">
      <Filter>Classes\UI</Filter>
    </ClCompile>
    <ClCompile Include="..\Classes\Message\Message.cpp">
      <Filter>Classes\Message</Filter>
    </ClCompile>
    <ClCompile Include="..\Classes\UI\Componet\Tips.cpp">
      <Filter>Classes\UI\Componet</Filter>
    </ClCompile>
    <ClCompile Include="..\Classes\LocalServer\LocalServer.cpp">
      <Filter>Classes\LocalServer</Filter>
    </ClCompile>
    <ClCompile Include="..\Classes\Scene\SceneManager.cpp">
      <Filter>Classes\Scene</Filter>
    </ClCompile>
    <ClCompile Include="..\Classes\Model\Data\UserInfo.cpp">
      <Filter>Classes\Model\Data</Filter>
    </ClCompile>
    <ClCompile Include="..\Classes\Model\Parser\IParser.cpp">
      <Filter>Classes\Model\Parser</Filter>
    </ClCompile>
    <ClCompile Include="..\Classes\Model\DataHelper\DataHelper.cpp">
      <Filter>Classes\Model\DataHelper</Filter>
    </ClCompile>
    <ClCompile Include="..\Classes\Model\DataHelper\DataHelperManager.cpp">
      <Filter>Classes\Model\DataHelper</Filter>
    </ClCompile>
    <ClCompile Include="..\Classes\Model\DataHelper\LoginHelper.cpp">
      <Filter>Classes\Model\DataHelper</Filter>
    </ClCompile>
    <ClCompile Include="..\Classes\UI\UIViewController\UIViewControllerDelegate.cpp">
      <Filter>Classes\UI\UIViewController</Filter>
    </ClCompile>
    <ClCompile Include="..\Classes\UI\UIViewController\UIViewController.cpp">
      <Filter>Classes\UI\UIViewController</Filter>
    </ClCompile>
    <ClCompile Include="..\Classes\Sound\SoundHelper.cpp">
      <Filter>Classes\Sound</Filter>
    </ClCompile>
    <ClCompile Include="..\Classes\Scene\SceneFactory.cpp">
      <Filter>Classes\Scene</Filter>
    </ClCompile>
    <ClCompile Include="..\Classes\Resource\ResourceScene.cpp">
      <Filter>Classes\Resource</Filter>
    </ClCompile>
    <ClCompile Include="..\Classes\Resource\ResourceCommand.cpp">
      <Filter>Classes\Resource</Filter>
    </ClCompile>
    <ClCompile Include="..\Classes\Resource\ResourceCommandFactory.cpp">
      <Filter>Classes\Resource</Filter>
    </ClCompile>
    <ClCompile Include="..\Classes\DataBase\Table.cpp">
      <Filter>Classes\DataBase</Filter>
    </ClCompile>
    <ClCompile Include="..\Classes\DataBase\DatabaseManager.cpp">
      <Filter>Classes\DataBase</Filter>
    </ClCompile>
    <ClCompile Include="..\Classes\Language\Language.cpp">
      <Filter>Classes\Language</Filter>
    </ClCompile>
    <ClCompile Include="..\Classes\Common\commontools.cpp">
      <Filter>Classes\Common</Filter>
    </ClCompile>
    <ClCompile Include="..\Classes\Start\StartSceneResourceCommand.cpp">
      <Filter>Classes\Start</Filter>
    </ClCompile>
    <ClCompile Include="..\Classes\Start\StartScene.cpp">
      <Filter>Classes\Start</Filter>
    </ClCompile>
    <ClCompile Include="..\Classes\Start\StartController.cpp">
      <Filter>Classes\Start</Filter>
    </ClCompile>
    <ClCompile Include="..\Classes\Start\StartView.cpp">
      <Filter>Classes\Start</Filter>
    </ClCompile>
    <ClCompile Include="..\Classes\Common\GameConfig.cpp">
      <Filter>Classes\Common</Filter>
    </ClCompile>
    <ClCompile Include="..\Classes\About\AboutScene.cpp">
      <Filter>Classes\About</Filter>
    </ClCompile>
    <ClCompile Include="..\Classes\About\AboutController.cpp">
      <Filter>Classes\About</Filter>
    </ClCompile>
    <ClCompile Include="..\Classes\About\AboutView.cpp">
      <Filter>Classes\About</Filter>
    </ClCompile>
    <ClCompile Include="..\Classes\About\AboutResourceCommand.cpp">
      <Filter>Classes\About</Filter>
    </ClCompile>
    <ClCompile Include="..\Classes\Setting\SettingScene.cpp">
      <Filter>Classes\Setting</Filter>
    </ClCompile>
    <ClCompile Include="..\Classes\Setting\SettingController.cpp">
      <Filter>Classes\Setting</Filter>
    </ClCompile>
    <ClCompile Include="..\Classes\Setting\SettingView.cpp">
      <Filter>Classes\Setting</Filter>
    </ClCompile>
    <ClCompile Include="..\Classes\Setting\SettingResourceCommand.cpp">
      <Filter>Classes\Setting</Filter>
    </ClCompile>
    <ClCompile Include="..\Classes\Game\GameScene.cpp">
      <Filter>Classes\Game</Filter>
    </ClCompile>
    <ClCompile Include="..\Classes\Game\GameResourceCommand.cpp">
      <Filter>Classes\Game</Filter>
    </ClCompile>
    <ClCompile Include="..\Classes\Game\GameController.cpp">
      <Filter>Classes\Game</Filter>
    </ClCompile>
    <ClCompile Include="..\Classes\Game\GameView.cpp">
      <Filter>Classes\Game</Filter>
    </ClCompile>
    <ClCompile Include="..\Classes\Model\Data\CurrentPlayerInfo.cpp">
      <Filter>Classes\Model\Data</Filter>
    </ClCompile>
    <ClCompile Include="..\Classes\Game\EnemyManager.cpp">
      <Filter>Classes\Game</Filter>
    </ClCompile>
    <ClCompile Include="..\Classes\Game\Effect.cpp">
      <Filter>Classes\Game</Filter>
    </ClCompile>
    <ClCompile Include="..\Classes\Game\Enemy.cpp">
      <Filter>Classes\Game</Filter>
    </ClCompile>
    <ClCompile Include="..\Classes\Game\Bullet.cpp">
      <Filter>Classes\Game</Filter>
    </ClCompile>
    <ClCompile Include="..\Classes\Game\Airplane.cpp">
      <Filter>Classes\Game</Filter>
    </ClCompile>
    <ClCompile Include="..\Classes\Game\AirplaneLevelManager.cpp">
      <Filter>Classes\Game</Filter>
    </ClCompile>
    <ClCompile Include="..\Classes\Game\GameLevelManager.cpp">
      <Filter>Classes\Game</Filter>
    </ClCompile>
    <ClCompile Include="..\Classes\GameOver\GameOverScene.cpp">
      <Filter>Classes\GameOver</Filter>
    </ClCompile>
    <ClCompile Include="..\Classes\GameOver\GameOverController.cpp">
      <Filter>Classes\GameOver</Filter>
    </ClCompile>
    <ClCompile Include="..\Classes\GameOver\GameOverView.cpp">
      <Filter>Classes\GameOver</Filter>
    </ClCompile>
    <ClCompile Include="..\Classes\GameOver\GameOverResourceCommand.cpp">
      <Filter>Classes\GameOver</Filter>
    </ClCompile>
    <ClCompile Include="..\Classes\Game\GameMapView.cpp">
      <Filter>Classes\Game</Filter>
    </ClCompile>
    <ClCompile Include="..\Classes\Game\GameMainView.cpp">
      <Filter>Classes\Game</Filter>
    </ClCompile>
    <ClCompile Include="..\Classes\Game\GameInfoView.cpp">
      <Filter>Classes\Game</Filter>
    </ClCompile>
    <ClCompile Include="..\Classes\Game\GamePauseView.cpp">
      <Filter>Classes\Game</Filter>
    </ClCompile>
    <ClCompile Include="..\Classes\Game\GameOpView.cpp">
      <Filter>Classes\Game</Filter>
    </ClCompile>
  </ItemGroup>
  <ItemGroup>
    <ClInclude Include="main.h">
      <Filter>win32</Filter>
    </ClInclude>
    <ClInclude Include="..\Classes\Application\AppDelegate.h">
      <Filter>Classes\Application</Filter>
    </ClInclude>
    <ClInclude Include="..\Classes\Common\Any.h">
      <Filter>Classes\Common</Filter>
    </ClInclude>
    <ClInclude Include="..\Classes\Common\common.h">
      <Filter>Classes\Common</Filter>
    </ClInclude>
    <ClInclude Include="..\Classes\Common\commontools.h">
      <Filter>Classes\Common</Filter>
    </ClInclude>
    <ClInclude Include="..\Classes\Common\GValue.h">
      <Filter>Classes\Common</Filter>
    </ClInclude>
    <ClInclude Include="..\Classes\UI\UIManager.h">
      <Filter>Classes\UI</Filter>
    </ClInclude>
    <ClInclude Include="..\Classes\UI\UIView\UIView.h">
      <Filter>Classes\UI\UIView</Filter>
    </ClInclude>
    <ClInclude Include="..\Classes\Scene\IScene.h">
      <Filter>Classes\Scene</Filter>
    </ClInclude>
    <ClInclude Include="..\Classes\Scene\SceneDelegate.h">
      <Filter>Classes\Scene</Filter>
    </ClInclude>
    <ClInclude Include="..\Classes\UI\UIFactory.h">
      <Filter>Classes\UI</Filter>
    </ClInclude>
    <ClInclude Include="..\Classes\Message\Message.h">
      <Filter>Classes\Message</Filter>
    </ClInclude>
    <ClInclude Include="..\Classes\Event\UIEvent.h">
      <Filter>Classes\Event</Filter>
    </ClInclude>
    <ClInclude Include="..\Classes\UI\Componet\Tips.h">
      <Filter>Classes\UI\Componet</Filter>
    </ClInclude>
    <ClInclude Include="..\Classes\LocalServer\LocalServer.h">
      <Filter>Classes\LocalServer</Filter>
    </ClInclude>
    <ClInclude Include="..\Classes\LocalServer\ServerDelegate.h">
      <Filter>Classes\LocalServer</Filter>
    </ClInclude>
    <ClInclude Include="..\Classes\Scene\SceneManager.h">
      <Filter>Classes\Scene</Filter>
    </ClInclude>
    <ClInclude Include="..\Classes\Model\Data\UserInfo.h">
      <Filter>Classes\Model\Data</Filter>
    </ClInclude>
    <ClInclude Include="..\Classes\Model\Parser\IParser.h">
      <Filter>Classes\Model\Parser</Filter>
    </ClInclude>
    <ClInclude Include="..\Classes\Model\DataHelper\DataHelper.h">
      <Filter>Classes\Model\DataHelper</Filter>
    </ClInclude>
    <ClInclude Include="..\Classes\Model\DataHelper\DataHelperManager.h">
      <Filter>Classes\Model\DataHelper</Filter>
    </ClInclude>
    <ClInclude Include="..\Classes\Model\DataHelper\LoginHelper.h">
      <Filter>Classes\Model\DataHelper</Filter>
    </ClInclude>
    <ClInclude Include="..\Classes\UI\UIViewController\UIViewControllerDelegate.h">
      <Filter>Classes\UI\UIViewController</Filter>
    </ClInclude>
    <ClInclude Include="..\Classes\UI\UIViewController\ControllerType.h">
      <Filter>Classes\UI\UIViewController</Filter>
    </ClInclude>
    <ClInclude Include="..\Classes\UI\UIViewController\UIViewController.h">
      <Filter>Classes\UI\UIViewController</Filter>
    </ClInclude>
    <ClInclude Include="..\Classes\UI\UIDefine.h">
      <Filter>Classes\UI</Filter>
    </ClInclude>
    <ClInclude Include="..\Classes\Sound\SoundHelper.h">
      <Filter>Classes\Sound</Filter>
    </ClInclude>
    <ClInclude Include="..\Classes\Scene\SceneFactory.h">
      <Filter>Classes\Scene</Filter>
    </ClInclude>
    <ClInclude Include="..\Classes\Scene\SceneType.h">
      <Filter>Classes\Scene</Filter>
    </ClInclude>
    <ClInclude Include="..\Classes\Command\Command.h">
      <Filter>Classes\Command</Filter>
    </ClInclude>
    <ClInclude Include="..\Classes\Resource\ResourceCommand.h">
      <Filter>Classes\Resource</Filter>
    </ClInclude>
    <ClInclude Include="..\Classes\Resource\ResourceDelegate.h">
      <Filter>Classes\Resource</Filter>
    </ClInclude>
    <ClInclude Include="..\Classes\Resource\ResourceScene.h">
      <Filter>Classes\Resource</Filter>
    </ClInclude>
    <ClInclude Include="..\Classes\Resource\ResourceCommanDelegate.h">
      <Filter>Classes\Resource</Filter>
    </ClInclude>
    <ClInclude Include="..\Classes\Resource\Resource.h">
      <Filter>Classes\Resource</Filter>
    </ClInclude>
    <ClInclude Include="..\Classes\Resource\ResourceCommandFactory.h">
      <Filter>Classes\Resource</Filter>
    </ClInclude>
    <ClInclude Include="..\Classes\DataBase\DataBaseDefine.h">
      <Filter>Classes\DataBase</Filter>
    </ClInclude>
    <ClInclude Include="..\Classes\DataBase\TableDefine.h">
      <Filter>Classes\DataBase</Filter>
    </ClInclude>
    <ClInclude Include="..\Classes\DataBase\Table.h">
      <Filter>Classes\DataBase</Filter>
    </ClInclude>
    <ClInclude Include="..\Classes\DataBase\TableStructure.h">
      <Filter>Classes\DataBase</Filter>
    </ClInclude>
    <ClInclude Include="..\Classes\Common\Macros.h">
      <Filter>Classes\Common</Filter>
    </ClInclude>
    <ClInclude Include="..\Classes\DataBase\DatabaseManager.h">
      <Filter>Classes\DataBase</Filter>
    </ClInclude>
    <ClInclude Include="..\Classes\Common\Singleton.h">
      <Filter>Classes\Common</Filter>
    </ClInclude>
    <ClInclude Include="..\Classes\Language\Language.h">
      <Filter>Classes\Language</Filter>
    </ClInclude>
    <ClInclude Include="..\Classes\Start\StartSceneResourceCommand.h">
      <Filter>Classes\Start</Filter>
    </ClInclude>
    <ClInclude Include="..\Classes\Start\StartScene.h">
      <Filter>Classes\Start</Filter>
    </ClInclude>
    <ClInclude Include="..\Classes\Start\StartController.h">
      <Filter>Classes\Start</Filter>
    </ClInclude>
    <ClInclude Include="..\Classes\Start\StartView.h">
      <Filter>Classes\Start</Filter>
    </ClInclude>
    <ClInclude Include="..\Classes\Common\GameConfig.h">
      <Filter>Classes\Common</Filter>
    </ClInclude>
    <ClInclude Include="..\Classes\About\AboutScene.h">
      <Filter>Classes\About</Filter>
    </ClInclude>
    <ClInclude Include="..\Classes\About\AboutController.h">
      <Filter>Classes\About</Filter>
    </ClInclude>
    <ClInclude Include="..\Classes\About\AboutView.h">
      <Filter>Classes\About</Filter>
    </ClInclude>
    <ClInclude Include="..\Classes\About\AboutResourceCommand.h">
      <Filter>Classes\About</Filter>
    </ClInclude>
    <ClInclude Include="..\Classes\Setting\SettingController.h">
      <Filter>Classes\Setting</Filter>
    </ClInclude>
    <ClInclude Include="..\Classes\Setting\SettingView.h">
      <Filter>Classes\Setting</Filter>
    </ClInclude>
    <ClInclude Include="..\Classes\Setting\SettingResourceCommand.h">
      <Filter>Classes\Setting</Filter>
    </ClInclude>
    <ClInclude Include="..\Classes\Setting\SettingScene.h">
      <Filter>Classes\Setting</Filter>
    </ClInclude>
    <ClInclude Include="..\Classes\Game\GameScene.h">
      <Filter>Classes\Game</Filter>
    </ClInclude>
    <ClInclude Include="..\Classes\Game\GameResourceCommand.h">
      <Filter>Classes\Game</Filter>
    </ClInclude>
    <ClInclude Include="..\Classes\Game\GameController.h">
      <Filter>Classes\Game</Filter>
    </ClInclude>
    <ClInclude Include="..\Classes\Game\GameView.h">
      <Filter>Classes\Game</Filter>
    </ClInclude>
    <ClInclude Include="..\Classes\Model\Data\CurrentPlayerInfo.h">
      <Filter>Classes\Model\Data</Filter>
    </ClInclude>
    <ClInclude Include="..\Classes\Game\EnemyManager.h">
      <Filter>Classes\Game</Filter>
    </ClInclude>
    <ClInclude Include="..\Classes\Event\EventDelegate.h">
      <Filter>Classes\Event</Filter>
    </ClInclude>
    <ClInclude Include="..\Classes\Game\Effect.h">
      <Filter>Classes\Game</Filter>
    </ClInclude>
    <ClInclude Include="..\Classes\Game\Enemy.h">
      <Filter>Classes\Game</Filter>
    </ClInclude>
    <ClInclude Include="..\Classes\Game\EntityObject.h">
      <Filter>Classes\Game</Filter>
    </ClInclude>
    <ClInclude Include="..\Classes\Game\Bullet.h">
      <Filter>Classes\Game</Filter>
    </ClInclude>
    <ClInclude Include="..\Classes\Game\Airplane.h">
      <Filter>Classes\Game</Filter>
    </ClInclude>
    <ClInclude Include="..\Classes\Game\AirplaneLevelManager.h">
      <Filter>Classes\Game</Filter>
    </ClInclude>
    <ClInclude Include="..\Classes\Game\GameLevelManager.h">
      <Filter>Classes\Game</Filter>
    </ClInclude>
    <ClInclude Include="..\Classes\Game\GameEvent.h">
      <Filter>Classes\Game</Filter>
    </ClInclude>
    <ClInclude Include="..\Classes\GameOver\GameOverScene.h">
      <Filter>Classes\GameOver</Filter>
    </ClInclude>
    <ClInclude Include="..\Classes\GameOver\GameOverController.h">
      <Filter>Classes\GameOver</Filter>
    </ClInclude>
    <ClInclude Include="..\Classes\GameOver\GameOverView.h">
      <Filter>Classes\GameOver</Filter>
    </ClInclude>
    <ClInclude Include="..\Classes\GameOver\GameOverResourceCommand.h">
      <Filter>Classes\GameOver</Filter>
    </ClInclude>
    <ClInclude Include="..\Classes\Game\GameMapView.h">
      <Filter>Classes\Game</Filter>
    </ClInclude>
    <ClInclude Include="..\Classes\Game\GameMainView.h">
      <Filter>Classes\Game</Filter>
    </ClInclude>
    <ClInclude Include="..\Classes\Game\GameInfoView.h">
      <Filter>Classes\Game</Filter>
    </ClInclude>
    <ClInclude Include="..\Classes\Game\GamePauseView.h">
      <Filter>Classes\Game</Filter>
    </ClInclude>
    <ClInclude Include="..\Classes\Game\GameOpView.h">
      <Filter>Classes\Game</Filter>
    </ClInclude>
  </ItemGroup>
  <ItemGroup>
    <ResourceCompile Include="game.rc">
      <Filter>resource</Filter>
    </ResourceCompile>
  </ItemGroup>
  <ItemGroup>
    <None Include="ClassDiagram.cd" />
  </ItemGroup>
</Project>